
Microsoft Visual Studio Solution File, Format Version 12.00
# Visual Studio Version 17
VisualStudioVersion = 17.7.34024.191
MinimumVisualStudioVersion = 10.0.40219.1
Project("{FAE04EC0-301F-11D3-BF4B-00C04F79EFBC}") = "Peliculas", "Peliculas\Peliculas.csproj", "{A6B0B651-AA08-4D60-9AB3-3653CD395914}"
EndProject
Global
	GlobalSection(SolutionConfigurationPlatforms) = preSolution
		Debug|Any CPU = Debug|Any CPU
		Release|Any CPU = Release|Any CPU
	EndGlobalSection
	GlobalSection(ProjectConfigurationPlatforms) = postSolution
		{A6B0B651-AA08-4D60-9AB3-3653CD395914}.Debug|Any CPU.ActiveCfg = Debug|Any CPU
		{A6B0B651-AA08-4D60-9AB3-3653CD395914}.Debug|Any CPU.Build.0 = Debug|Any CPU
		{A6B0B651-AA08-4D60-9AB3-3653CD395914}.Release|Any CPU.ActiveCfg = Release|Any CPU
		{A6B0B651-AA08-4D60-9AB3-3653CD395914}.Release|Any CPU.Build.0 = Release|Any CPU
	EndGlobalSection
	GlobalSection(SolutionProperties) = preSolution
		HideSolutionNode = FALSE
	EndGlobalSection
	GlobalSection(ExtensibilityGlobals) = postSolution
		SolutionGuid = {418FE86B-CC64-42C6-8F64-AADD6578FA65}
	EndGlobalSection
EndGlobal
